{
    "_readme": [
        "This file locks the dependencies of your project to a known state",
        "Read more about it at https://getcomposer.org/doc/01-basic-usage.md#composer-lock-the-lock-file",
        "This file is @generated automatically"
    ],
    "content-hash": "f9bd060624785d3203fb3534e9147adf",
    "packages": [
        {
            "name": "simplehtmldom",
            "version": "1.5",
            "source": {
                "type": "svn",
                "url": "https://svn.code.sf.net/p/simplehtmldom/code simplehtmldom-code",
                "reference": "trunk/"
            },
            "dist": {
                "type": "zip",
                "url": "https://downloads.sourceforge.net/project/simplehtmldom/simplehtmldom/1.5/simplehtmldom_1_5.zip",
                "reference": null,
                "shasum": null
            },
            "type": "library"
        }
    ],
    "packages-dev": [],
    "aliases": [],
    "minimum-stability": "dev",
    "stability-flags": [],
    "prefer-stable": false,
    "prefer-lowest": false,
    "platform": [],
    "platform-dev": []
}
